# This file is autogenerated, do not edit; changes may be undone by the next 'dep ensure'.


[[projects]]
  name = "github.com/mattn/go-sqlite3"
  packages = ["."]
  revision = "ca5e3819723d8eeaf170ad510e7da1d6d2e94a08"
  version = "v1.2.0"

[[projects]]
  branch = "master"
  name = "github.com/roobert/golang-db"
  packages = ["."]
  revision = "a0b6122e1c56ecbeb870057a23044f8b0d0d4c6c"

[[projects]]
  branch = "master"
  name = "github.com/roobert/golang-error"
  packages = ["."]
  revision = "c83f9a4de5c28bf32cfbf85dc7749f428fe5ba9b"

[[projects]]
  branch = "master"
  name = "golang.org/x/net"
  packages = ["context"]
  revision = "a04bdaca5b32abe1c069418fb7088ae607de5bd0"

[solve-meta]
  analyzer-name = "dep"
  analyzer-version = 1
  inputs-digest = "608266ce6777ce136d95ccde15fb9845a7762cfe9898b1c028b5cb7013bbcf0e"
  solver-name = "gps-cdcl"
  solver-version = 1
